Microsoft Visual Studio Solution File, Format Version 12.00
# Visual Studio Version 17
VisualStudioVersion = 17.3.32819.101
MinimumVisualStudioVersion = 16.0.0.0
Project("{9A19103F-16F7-4668-BE54-9A1E7A4F7556}") = "project_zyheeda_stride.Windows", "project_zyheeda_stride.Windows\project_zyheeda_stride.Windows.csproj", "{646FEB2A-44D7-4567-8E3B-73CA0F8121A3}"
EndProject
Project("{9A19103F-16F7-4668-BE54-9A1E7A4F7556}") = "project_zyheeda_stride", "project_zyheeda_stride\project_zyheeda_stride.csproj", "{54B37A96-A3FC-49F3-96E6-4CFEAABF4AC4}"
EndProject
Project("{9A19103F-16F7-4668-BE54-9A1E7A4F7556}") = "project_zyheeda_stride.Linux", "project_zyheeda_stride.Linux\project_zyheeda_stride.Linux.csproj", "{C2C07B02-41F2-4091-A9CD-FD61D4ED7451}"
EndProject
Project("{FAE04EC0-301F-11D3-BF4B-00C04F79EFBC}") = "Tests", "Tests\Tests.csproj", "{5A7DEC2E-CD9E-4A22-A4A7-C1DD5061FCED}"
EndProject
Global
	GlobalSection(SolutionConfigurationPlatforms) = preSolution
		Debug|Any CPU = Debug|Any CPU
		Release|Any CPU = Release|Any CPU
	EndGlobalSection
	GlobalSection(ProjectConfigurationPlatforms) = postSolution
		{646FEB2A-44D7-4567-8E3B-73CA0F8121A3}.Debug|Any CPU.ActiveCfg = Debug|Any CPU
		{646FEB2A-44D7-4567-8E3B-73CA0F8121A3}.Debug|Any CPU.Build.0 = Debug|Any CPU
		{646FEB2A-44D7-4567-8E3B-73CA0F8121A3}.Release|Any CPU.ActiveCfg = Release|Any CPU
		{646FEB2A-44D7-4567-8E3B-73CA0F8121A3}.Release|Any CPU.Build.0 = Release|Any CPU
		{54B37A96-A3FC-49F3-96E6-4CFEAABF4AC4}.Debug|Any CPU.ActiveCfg = Debug|Any CPU
		{54B37A96-A3FC-49F3-96E6-4CFEAABF4AC4}.Debug|Any CPU.Build.0 = Debug|Any CPU
		{54B37A96-A3FC-49F3-96E6-4CFEAABF4AC4}.Release|Any CPU.ActiveCfg = Release|Any CPU
		{54B37A96-A3FC-49F3-96E6-4CFEAABF4AC4}.Release|Any CPU.Build.0 = Release|Any CPU
		{C2C07B02-41F2-4091-A9CD-FD61D4ED7451}.Debug|Any CPU.ActiveCfg = Debug|Any CPU
		{C2C07B02-41F2-4091-A9CD-FD61D4ED7451}.Debug|Any CPU.Build.0 = Debug|Any CPU
		{C2C07B02-41F2-4091-A9CD-FD61D4ED7451}.Release|Any CPU.ActiveCfg = Release|Any CPU
		{C2C07B02-41F2-4091-A9CD-FD61D4ED7451}.Release|Any CPU.Build.0 = Release|Any CPU
		{5A7DEC2E-CD9E-4A22-A4A7-C1DD5061FCED}.Debug|Any CPU.ActiveCfg = Debug|Any CPU
		{5A7DEC2E-CD9E-4A22-A4A7-C1DD5061FCED}.Debug|Any CPU.Build.0 = Debug|Any CPU
		{5A7DEC2E-CD9E-4A22-A4A7-C1DD5061FCED}.Release|Any CPU.ActiveCfg = Release|Any CPU
		{5A7DEC2E-CD9E-4A22-A4A7-C1DD5061FCED}.Release|Any CPU.Build.0 = Release|Any CPU
	EndGlobalSection
	GlobalSection(SolutionProperties) = preSolution
		HideSolutionNode = FALSE
	EndGlobalSection
	GlobalSection(ExtensibilityGlobals) = postSolution
		SolutionGuid = {6274893E-E064-45C6-A4EF-1B4D6492C3E8}
	EndGlobalSection
EndGlobal
